// !$*UTF8*$!
{
	archiveVersion = 1;
	classes = {
	};
	objectVersion = 46;
	objects = {

/* Begin PBXBuildFile section */
		F86FD2A51F5D733D0037DA47 /* AppDelegate.swift in Sources */ = {isa = PBXBuildFile; fileRef = F86FD2A41F5D733D0037DA47 /* AppDelegate.swift */; };
		F86FD2A71F5D733D0037DA47 /* ViewController.swift in Sources */ = {isa = PBXBuildFile; fileRef = F86FD2A61F5D733D0037DA47 /* ViewController.swift */; };
		F86FD2AA1F5D733D0037DA47 /* Main.storyboard in Resources */ = {isa = PBXBuildFile; fileRef = F86FD2A81F5D733D0037DA47 /* Main.storyboard */; };
		F86FD2AC1F5D733D0037DA47 /* Assets.xcassets in Resources */ = {isa = PBXBuildFile; fileRef = F86FD2AB1F5D733D0037DA47 /* Assets.xcassets */; };
		F86FD2AF1F5D733D0037DA47 /* LaunchScreen.storyboard in Resources */ = {isa = PBXBuildFile; fileRef = F86FD2AD1F5D733D0037DA47 /* LaunchScreen.storyboard */; };
/* End PBXBuildFile section */

/* Begin PBXFileReference section */
		F86FD2A11F5D733D0037DA47 /* SampleFastlaneAction.app */ = {isa = PBXFileReference; explicitFileType = wrapper.application; includeInIndex = 0; path = SampleFastlaneAction.app; sourceTree = BUILT_PRODUCTS_DIR; };
		F86FD2A41F5D733D0037DA47 /* AppDelegate.swift */ = {isa = PBXFileReference; lastKnownFileType = sourcecode.swift; path = AppDelegate.swift; sourceTree = "<group>"; };
		F86FD2A61F5D733D0037DA47 /* ViewController.swift */ = {isa = PBXFileReference; lastKnownFileType = sourcecode.swift; path = ViewController.swift; sourceTree = "<group>"; };
		F86FD2A91F5D733D0037DA47 /* Base */ = {isa = PBXFileReference; lastKnownFileType = file.storyboard; name = Base; path = Base.lproj/Main.storyboard; sourceTree = "<group>"; };
		F86FD2AB1F5D733D0037DA47 /* Assets.xcassets */ = {isa = PBXFileReference; lastKnownFileType = folder.assetcatalog; path = Assets.xcassets; sourceTree = "<group>"; };
		F86FD2AE1F5D733D0037DA47 /* Base */ = {isa = PBXFileReference; lastKnownFileType = file.storyboard; name = Base; path = Base.lproj/LaunchScreen.storyboard; sourceTree = "<group>"; };
		F86FD2B01F5D733D0037DA47 /* Info.plist */ = {isa = PBXFileReference; lastKnownFileType = text.plist.xml; path = Info.plist; sourceTree = "<group>"; };
/* End PBXFileReference section */

/* Begin PBXFrameworksBuildPhase section */
		F86FD29E1F5D733D0037DA47 /* Frameworks */ = {
			isa = PBXFrameworksBuildPhase;
			buildActionMask = 2147483647;
			files = (
			);
			runOnlyForDeploymentPostprocessing = 0;
		};
/* End PBXFrameworksBuildPhase section */

/* Begin PBXGroup section */
		F86FD2981F5D733D0037DA47 = {
			isa = PBXGroup;
			children = (
				F86FD2A31F5D733D0037DA47 /* SampleFastlaneAction */,
				F86FD2A21F5D733D0037DA47 /* Products */,
			);
			sourceTree = "<group>";
		};
		F86FD2A21F5D733D0037DA47 /* Products */ = {
			isa = PBXGroup;
			children = (
				F86FD2A11F5D733D0037DA47 /* SampleFastlaneAction.app */,
			);
			name = Products;
			sourceTree = "<group>";
		};
		F86FD2A31F5D733D0037DA47 /* SampleFastlaneAction */ = {
			isa = PBXGroup;
			children = (
				F86FD2A41F5D733D0037DA47 /* AppDelegate.swift */,
				F86FD2A61F5D733D0037DA47 /* ViewController.swift */,
				F86FD2A81F5D733D0037DA47 /* Main.storyboard */,
				F86FD2AB1F5D733D0037DA47 /* Assets.xcassets */,
				F86FD2AD1F5D733D0037DA47 /* LaunchScreen.storyboard */,
				F86FD2B01F5D733D0037DA47 /* Info.plist */,
			);
			path = SampleFastlaneAction;
			sourceTree = "<group>";
		};
/* End PBXGroup section */

/* Begin PBXNativeTarget section */
		F86FD2A01F5D733D0037DA47 /* SampleFastlaneAction */ = {
			isa = PBXNativeTarget;
			buildConfigurationList = F86FD2B31F5D733D0037DA47 /* Build configuration list for PBXNativeTarget "SampleFastlaneAction" */;
			buildPhases = (
				F86FD29D1F5D733D0037DA47 /* Sources */,
				F86FD29E1F5D733D0037DA47 /* Frameworks */,
				F86FD29F1F5D733D0037DA47 /* Resources */,
			);
			buildRules = (
			);
			dependencies = (
			);
			name = SampleFastlaneAction;
			productName = SampleFastlaneAction;
			productReference = F86FD2A11F5D733D0037DA47 /* SampleFastlaneAction.app */;
			productType = "com.apple.product-type.application";
		};
/* End PBXNativeTarget section */

/* Begin PBXProject section */
		F86FD2991F5D733D0037DA47 /* Project object */ = {
			isa = PBXProject;
			attributes = {
				LastSwiftUpdateCheck = 0830;
				LastUpgradeCheck = 0830;
				ORGANIZATIONNAME = RyoKosuge;
				TargetAttributes = {
					F86FD2A01F5D733D0037DA47 = {
						CreatedOnToolsVersion = 8.3.3;
						ProvisioningStyle = Automatic;
					};
				};
			};
			buildConfigurationList = F86FD29C1F5D733D0037DA47 /* Build configuration list for PBXProject "SampleFastlaneAction" */;
			compatibilityVersion = "Xcode 3.2";
			developmentRegion = English;
			hasScannedForEncodings = 0;
			knownRegions = (
				en,
				Base,
			);
			mainGroup = F86FD2981F5D733D0037DA47;
			productRefGroup = F86FD2A21F5D733D0037DA47 /* Products */;
			projectDirPath = "";
			projectRoot = "";
			targets = (
				F86FD2A01F5D733D0037DA47 /* SampleFastlaneAction */,
			);
		};
/* End PBXProject section */

/* Begin PBXResourcesBuildPhase section */
		F86FD29F1F5D733D0037DA47 /* Resources */ = {
			isa = PBXResourcesBuildPhase;
			buildActionMask = 2147483647;
			files = (
				F86FD2AF1F5D733D0037DA47 /* LaunchScreen.storyboard in Resources */,
				F86FD2AC1F5D733D0037DA47 /* Assets.xcassets in Resources */,
				F86FD2AA1F5D733D0037DA47 /* Main.storyboard in Resources */,
			);
			runOnlyForDeploymentPostprocessing = 0;
		};
/* End PBXResourcesBuildPhase section */

/* Begin PBXSourcesBuildPhase section */
		F86FD29D1F5D733D0037DA47 /* Sources */ = {
			isa = PBXSourcesBuildPhase;
			buildActionMask = 2147483647;
			files = (
				F86FD2A71F5D733D0037DA47 /* ViewController.swift in Sources */,
				F86FD2A51F5D733D0037DA47 /* AppDelegate.swift in Sources */,
			);
			runOnlyForDeploymentPostprocessing = 0;
		};
/* End PBXSourcesBuildPhase section */

/* Begin PBXVariantGroup section */
		F86FD2A81F5D733D0037DA47 /* Main.storyboard */ = {
			isa = PBXVariantGroup;
			children = (
				F86FD2A91F5D733D0037DA47 /* Base */,
			);
			name = Main.storyboard;
			sourceTree = "<group>";
		};
		F86FD2AD1F5D733D0037DA47 /* LaunchScreen.storyboard */ = {
			isa = PBXVariantGroup;
			children = (
				F86FD2AE1F5D733D0037DA47 /* Base */,
			);
			name = LaunchScreen.storyboard;
			sourceTree = "<group>";
		};
/* End PBXVariantGroup section */

/* Begin XCBuildConfiguration section */
		F86FD2B11F5D733D0037DA47 /* Debug */ = {
			isa = XCBuildConfiguration;
			buildSettings = {
				ALWAYS_SEARCH_USER_PATHS = NO;
				CLANG_ANALYZER_NONNULL = YES;
				CLANG_ANALYZER_NUMBER_OBJECT_CONVERSION = YES_AGGRESSIVE;
				CLANG_CXX_LANGUAGE_STANDARD = "gnu++0x";
				CLANG_CXX_LIBRARY = "libc++";
				CLANG_ENABLE_MODULES = YES;
				CLANG_ENABLE_OBJC_ARC = YES;
				CLANG_WARN_BOOL_CONVERSION = YES;
				CLANG_WARN_CONSTANT_CONVERSION = YES;
				CLANG_WARN_DIRECT_OBJC_ISA_USAGE = YES_ERROR;
				CLANG_WARN_DOCUMENTATION_COMMENTS = YES;
				CLANG_WARN_EMPTY_BODY = YES;
				CLANG_WARN_ENUM_CONVERSION = YES;
				CLANG_WARN_INFINITE_RECURSION = YES;
				CLANG_WARN_INT_CONVERSION = YES;
				CLANG_WARN_OBJC_ROOT_CLASS = YES_ERROR;
				CLANG_WARN_SUSPICIOUS_MOVE = YES;
				CLANG_WARN_UNREACHABLE_CODE = YES;
				CLANG_WARN__DUPLICATE_METHOD_MATCH = YES;
				"CODE_SIGN_IDENTITY[sdk=iphoneos*]" = "iPhone Developer";
				COPY_PHASE_STRIP = NO;
				CURRENT_PROJECT_VERSION = 2;
				DEBUG_INFORMATION_FORMAT = dwarf;
				ENABLE_STRICT_OBJC_MSGSEND = YES;
				ENABLE_TESTABILITY = YES;
				GCC_C_LANGUAGE_STANDARD = gnu99;
				GCC_DYNAMIC_NO_PIC = NO;
				GCC_NO_COMMON_BLOCKS = YES;
				GCC_OPTIMIZATION_LEVEL = 0;
				GCC_PREPROCESSOR_DEFINITIONS = (
					"DEBUG=1",
					"$(inherited)",
				);
				GCC_WARN_64_TO_32_BIT_CONVERSION = YES;
				GCC_WARN_ABOUT_RETURN_TYPE = YES_ERROR;
				GCC_WARN_UNDECLARED_SELECTOR = YES;
				GCC_WARN_UNINITIALIZED_AUTOS = YES_AGGRESSIVE;
				GCC_WARN_UNUSED_FUNCTION = YES;
				GCC_WARN_UNUSED_VARIABLE = YES;
				IPHONEOS_DEPLOYMENT_TARGET = 10.3;
				MTL_ENABLE_DEBUG_INFO = YES;
				ONLY_ACTIVE_ARCH = YES;
				SDKROOT = iphoneos;
				SWIFT_ACTIVE_COMPILATION_CONDITIONS = DEBUG;
				SWIFT_OPTIMIZATION_LEVEL = "-Onone";
				TARGETED_DEVICE_FAMILY = "1,2";
				VERSIONING_SYSTEM = "apple-generic";
			};
			name = Debug;
		};
		F86FD2B21F5D733D0037DA47 /* Release */ = {
			isa = XCBuildConfiguration;
			buildSettings = {
				ALWAYS_SEARCH_USER_PATHS = NO;
				CLANG_ANALYZER_NONNULL = YES;
				CLANG_ANALYZER_NUMBER_OBJECT_CONVERSION = YES_AGGRESSIVE;
				CLANG_CXX_LANGUAGE_STANDARD = "gnu++0x";
				CLANG_CXX_LIBRARY = "libc++";
				CLANG_ENABLE_MODULES = YES;
				CLANG_ENABLE_OBJC_ARC = YES;
				CLANG_WARN_BOOL_CONVERSION = YES;
				CLANG_WARN_CONSTANT_CONVERSION = YES;
				CLANG_WARN_DIRECT_OBJC_ISA_USAGE = YES_ERROR;
				CLANG_WARN_DOCUMENTATION_COMMENTS = YES;
				CLANG_WARN_EMPTY_BODY = YES;
				CLANG_WARN_ENUM_CONVERSION = YES;
				CLANG_WARN_INFINITE_RECURSION = YES;
				CLANG_WARN_INT_CONVERSION = YES;
				CLANG_WARN_OBJC_ROOT_CLASS = YES_ERROR;
				CLANG_WARN_SUSPICIOUS_MOVE = YES;
				CLANG_WARN_UNREACHABLE_CODE = YES;
				CLANG_WARN__DUPLICATE_METHOD_MATCH = YES;
				"CODE_SIGN_IDENTITY[sdk=iphoneos*]" = "iPhone Developer";
				COPY_PHASE_STRIP = NO;
				CURRENT_PROJECT_VERSION = 2;
				DEBUG_INFORMATION_FORMAT = "dwarf-with-dsym";
				ENABLE_NS_ASSERTIONS = NO;
				ENABLE_STRICT_OBJC_MSGSEND = YES;
				GCC_C_LANGUAGE_STANDARD = gnu99;
				GCC_NO_COMMON_BLOCKS = YES;
				GCC_WARN_64_TO_32_BIT_CONVERSION = YES;
				GCC_WARN_ABOUT_RETURN_TYPE = YES_ERROR;
				GCC_WARN_UNDECLARED_SELECTOR = YES;
				GCC_WARN_UNINITIALIZED_AUTOS = YES_AGGRESSIVE;
				GCC_WARN_UNUSED_FUNCTION = YES;
				GCC_WARN_UNUSED_VARIABLE = YES;
				IPHONEOS_DEPLOYMENT_TARGET = 10.3;
				MTL_ENABLE_DEBUG_INFO = NO;
				SDKROOT = iphoneos;
				SWIFT_OPTIMIZATION_LEVEL = "-Owholemodule";
				TARGETED_DEVICE_FAMILY = "1,2";
				VALIDATE_PRODUCT = YES;
				VERSIONING_SYSTEM = "apple-generic";
			};
			name = Release;
		};
		F86FD2B41F5D733D0037DA47 /* Debug */ = {
			isa = XCBuildConfiguration;
			buildSettings = {
				ASSETCATALOG_COMPILER_APPICON_NAME = AppIcon;
				CURRENT_PROJECT_VERSION = 2;
				DEVELOPMENT_TEAM = "";
				INFOPLIST_FILE = SampleFastlaneAction/Info.plist;
				LD_RUNPATH_SEARCH_PATHS = "$(inherited) @executable_path/Frameworks";
				PRODUCT_BUNDLE_IDENTIFIER = com.example.SampleFastlaneAction;
				PRODUCT_NAME = "$(TARGET_NAME)";
				SWIFT_VERSION = 3.0;
			};
			name = Debug;
		};
		F86FD2B51F5D733D0037DA47 /* Release */ = {
			isa = XCBuildConfiguration;
			buildSettings = {
				ASSETCATALOG_COMPILER_APPICON_NAME = AppIcon;
				CURRENT_PROJECT_VERSION = 2;
				DEVELOPMENT_TEAM = "";
				INFOPLIST_FILE = SampleFastlaneAction/Info.plist;
				LD_RUNPATH_SEARCH_PATHS = "$(inherited) @executable_path/Frameworks";
				PRODUCT_BUNDLE_IDENTIFIER = com.example.SampleFastlaneAction;
				PRODUCT_NAME = "$(TARGET_NAME)";
				SWIFT_VERSION = 3.0;
			};
			name = Release;
		};
/* End XCBuildConfiguration section */

/* Begin XCConfigurationList section */
		F86FD29C1F5D733D0037DA47 /* Build configuration list for PBXProject "SampleFastlaneAction" */ = {
			isa = XCConfigurationList;
			buildConfigurations = (
				F86FD2B11F5D733D0037DA47 /* Debug */,
				F86FD2B21F5D733D0037DA47 /* Release */,
			);
			defaultConfigurationIsVisible = 0;
			defaultConfigurationName = Release;
		};
		F86FD2B31F5D733D0037DA47 /* Build configuration list for PBXNativeTarget "SampleFastlaneAction" */ = {
			isa = XCConfigurationList;
			buildConfigurations = (
				F86FD2B41F5D733D0037DA47 /* Debug */,
				F86FD2B51F5D733D0037DA47 /* Release */,
			);
			defaultConfigurationIsVisible = 0;
			defaultConfigurationName = Release;
		};
/* End XCConfigurationList section */
	};
	rootObject = F86FD2991F5D733D0037DA47 /* Project object */;
}
